
Microsoft Visual Studio Solution File, Format Version 12.00
# Visual Studio Version 17
VisualStudioVersion = 17.14.36518.9 d17.14
MinimumVisualStudioVersion = 10.0.40219.1
Project("{FAE04EC0-301F-11D3-BF4B-00C04F79EFBC}") = "ToDoTasks", "ToDoTasks.csproj", "{90C2BD4A-5DB3-4336-97C3-B6DC069BFDD5}"
EndProject
Global
	GlobalSection(SolutionConfigurationPlatforms) = preSolution
		Debug|Any CPU = Debug|Any CPU
		Release|Any CPU = Release|Any CPU
	EndGlobalSection
	GlobalSection(ProjectConfigurationPlatforms) = postSolution
		{90C2BD4A-5DB3-4336-97C3-B6DC069BFDD5}.Debug|Any CPU.ActiveCfg = Debug|Any CPU
		{90C2BD4A-5DB3-4336-97C3-B6DC069BFDD5}.Debug|Any CPU.Build.0 = Debug|Any CPU
		{90C2BD4A-5DB3-4336-97C3-B6DC069BFDD5}.Release|Any CPU.ActiveCfg = Release|Any CPU
		{90C2BD4A-5DB3-4336-97C3-B6DC069BFDD5}.Release|Any CPU.Build.0 = Release|Any CPU
	EndGlobalSection
	GlobalSection(SolutionProperties) = preSolution
		HideSolutionNode = FALSE
	EndGlobalSection
	GlobalSection(ExtensibilityGlobals) = postSolution
		SolutionGuid = {1C6DE023-BBD2-4897-9A28-A042505EC4F1}
	EndGlobalSection
EndGlobal
